{
  "name": "tenant",
  "version": "0.1.0",
  "lockfileVersion": 1,
  "requires": true,
  "dependencies": {
    "@types/lodash": {
      "version": "4.14.173",
      "resolved": "https://registry.npmjs.org/@types/lodash/-/lodash-4.14.173.tgz",
      "integrity": "sha512-vv0CAYoaEjCw/mLy96GBTnRoZrSxkGE0BKzKimdR8P3OzrNYNvBgtW7p055A+E8C31vXNUhWKoFCbhq7gbyhFg=="
    }
  }
}
